
Microsoft Visual Studio Solution File, Format Version 12.00
# Visual Studio Version 16
VisualStudioVersion = 16.0.31911.196
MinimumVisualStudioVersion = 10.0.40219.1
Project("{FAE04EC0-301F-11D3-BF4B-00C04F79EFBC}") = "Enums", "Enums\Enums.csproj", "{D5EBB52F-9332-45B8-80F3-AB712CE2528E}"
EndProject
Global
	GlobalSection(SolutionConfigurationPlatforms) = preSolution
		Debug|Any CPU = Debug|Any CPU
		Release|Any CPU = Release|Any CPU
	EndGlobalSection
	GlobalSection(ProjectConfigurationPlatforms) = postSolution
		{D5EBB52F-9332-45B8-80F3-AB712CE2528E}.Debug|Any CPU.ActiveCfg = Debug|Any CPU
		{D5EBB52F-9332-45B8-80F3-AB712CE2528E}.Debug|Any CPU.Build.0 = Debug|Any CPU
		{D5EBB52F-9332-45B8-80F3-AB712CE2528E}.Release|Any CPU.ActiveCfg = Release|Any CPU
		{D5EBB52F-9332-45B8-80F3-AB712CE2528E}.Release|Any CPU.Build.0 = Release|Any CPU
	EndGlobalSection
	GlobalSection(SolutionProperties) = preSolution
		HideSolutionNode = FALSE
	EndGlobalSection
	GlobalSection(ExtensibilityGlobals) = postSolution
		SolutionGuid = {DD175072-63FF-4351-AAFC-DA3D1EB960E3}
	EndGlobalSection
EndGlobal
