
Microsoft Visual Studio Solution File, Format Version 12.00
# Visual Studio Version 16
VisualStudioVersion = 16.0.31911.196
MinimumVisualStudioVersion = 10.0.40219.1
Project("{FAE04EC0-301F-11D3-BF4B-00C04F79EFBC}") = "GenericParameter", "GenericParameter\GenericParameter.csproj", "{A7F50BE3-A4E3-46FE-8801-3C2FAA77E1FC}"
EndProject
Global
	GlobalSection(SolutionConfigurationPlatforms) = preSolution
		Debug|Any CPU = Debug|Any CPU
		Release|Any CPU = Release|Any CPU
	EndGlobalSection
	GlobalSection(ProjectConfigurationPlatforms) = postSolution
		{A7F50BE3-A4E3-46FE-8801-3C2FAA77E1FC}.Debug|Any CPU.ActiveCfg = Debug|Any CPU
		{A7F50BE3-A4E3-46FE-8801-3C2FAA77E1FC}.Debug|Any CPU.Build.0 = Debug|Any CPU
		{A7F50BE3-A4E3-46FE-8801-3C2FAA77E1FC}.Release|Any CPU.ActiveCfg = Release|Any CPU
		{A7F50BE3-A4E3-46FE-8801-3C2FAA77E1FC}.Release|Any CPU.Build.0 = Release|Any CPU
	EndGlobalSection
	GlobalSection(SolutionProperties) = preSolution
		HideSolutionNode = FALSE
	EndGlobalSection
	GlobalSection(ExtensibilityGlobals) = postSolution
		SolutionGuid = {01FF3EC4-B74D-452F-9052-69FE5DA33E0B}
	EndGlobalSection
EndGlobal
