
Microsoft Visual Studio Solution File, Format Version 12.00
# Visual Studio Version 16
VisualStudioVersion = 16.0.31911.196
MinimumVisualStudioVersion = 10.0.40219.1
Project("{FAE04EC0-301F-11D3-BF4B-00C04F79EFBC}") = "MethodMath3", "MethodMath3\MethodMath3.csproj", "{DB1846F1-9A9D-445A-AA6C-8D26568B7623}"
EndProject
Global
	GlobalSection(SolutionConfigurationPlatforms) = preSolution
		Debug|Any CPU = Debug|Any CPU
		Release|Any CPU = Release|Any CPU
	EndGlobalSection
	GlobalSection(ProjectConfigurationPlatforms) = postSolution
		{DB1846F1-9A9D-445A-AA6C-8D26568B7623}.Debug|Any CPU.ActiveCfg = Debug|Any CPU
		{DB1846F1-9A9D-445A-AA6C-8D26568B7623}.Debug|Any CPU.Build.0 = Debug|Any CPU
		{DB1846F1-9A9D-445A-AA6C-8D26568B7623}.Release|Any CPU.ActiveCfg = Release|Any CPU
		{DB1846F1-9A9D-445A-AA6C-8D26568B7623}.Release|Any CPU.Build.0 = Release|Any CPU
	EndGlobalSection
	GlobalSection(SolutionProperties) = preSolution
		HideSolutionNode = FALSE
	EndGlobalSection
	GlobalSection(ExtensibilityGlobals) = postSolution
		SolutionGuid = {0C1B1AEE-6AD0-4F52-ADBF-72AAA19757B1}
	EndGlobalSection
EndGlobal
