
Microsoft Visual Studio Solution File, Format Version 12.00
# Visual Studio Version 16
VisualStudioVersion = 16.0.31911.196
MinimumVisualStudioVersion = 10.0.40219.1
Project("{FAE04EC0-301F-11D3-BF4B-00C04F79EFBC}") = "Loops", "Loops\Loops.csproj", "{F8F7C7F7-39E9-4CD4-894B-CAAE9F185A2C}"
EndProject
Global
	GlobalSection(SolutionConfigurationPlatforms) = preSolution
		Debug|Any CPU = Debug|Any CPU
		Release|Any CPU = Release|Any CPU
	EndGlobalSection
	GlobalSection(ProjectConfigurationPlatforms) = postSolution
		{F8F7C7F7-39E9-4CD4-894B-CAAE9F185A2C}.Debug|Any CPU.ActiveCfg = Debug|Any CPU
		{F8F7C7F7-39E9-4CD4-894B-CAAE9F185A2C}.Debug|Any CPU.Build.0 = Debug|Any CPU
		{F8F7C7F7-39E9-4CD4-894B-CAAE9F185A2C}.Release|Any CPU.ActiveCfg = Release|Any CPU
		{F8F7C7F7-39E9-4CD4-894B-CAAE9F185A2C}.Release|Any CPU.Build.0 = Release|Any CPU
	EndGlobalSection
	GlobalSection(SolutionProperties) = preSolution
		HideSolutionNode = FALSE
	EndGlobalSection
	GlobalSection(ExtensibilityGlobals) = postSolution
		SolutionGuid = {6FDB7311-22B6-41E4-A68C-027EAC7FE1B8}
	EndGlobalSection
EndGlobal
