
Microsoft Visual Studio Solution File, Format Version 12.00
# Visual Studio Version 16
VisualStudioVersion = 16.0.31911.196
MinimumVisualStudioVersion = 10.0.40219.1
Project("{FAE04EC0-301F-11D3-BF4B-00C04F79EFBC}") = "Iteration", "Iteration\Iteration.csproj", "{F4B59FC2-8AB1-420C-AE99-42734CAAD64F}"
EndProject
Global
	GlobalSection(SolutionConfigurationPlatforms) = preSolution
		Debug|Any CPU = Debug|Any CPU
		Release|Any CPU = Release|Any CPU
	EndGlobalSection
	GlobalSection(ProjectConfigurationPlatforms) = postSolution
		{F4B59FC2-8AB1-420C-AE99-42734CAAD64F}.Debug|Any CPU.ActiveCfg = Debug|Any CPU
		{F4B59FC2-8AB1-420C-AE99-42734CAAD64F}.Debug|Any CPU.Build.0 = Debug|Any CPU
		{F4B59FC2-8AB1-420C-AE99-42734CAAD64F}.Release|Any CPU.ActiveCfg = Release|Any CPU
		{F4B59FC2-8AB1-420C-AE99-42734CAAD64F}.Release|Any CPU.Build.0 = Release|Any CPU
	EndGlobalSection
	GlobalSection(SolutionProperties) = preSolution
		HideSolutionNode = FALSE
	EndGlobalSection
	GlobalSection(ExtensibilityGlobals) = postSolution
		SolutionGuid = {5546C304-9E81-4280-8185-9790C8B3C573}
	EndGlobalSection
EndGlobal
